// !$*UTF8*$!
{
	archiveVersion = 1;
	classes = {
	};
	objectVersion = 46;
	objects = {

/* Begin PBXBuildFile section */
		117160D76E772613087FCDC9 /* libPods-UITableView.a in Frameworks */ = {isa = PBXBuildFile; fileRef = EE200A8F664DD8FFEAC43777 /* libPods-UITableView.a */; };
		4200EEC51D81AF8F00031EAD /* main.m in Sources */ = {isa = PBXBuildFile; fileRef = 4200EEC41D81AF8F00031EAD /* main.m */; };
		4200EEC81D81AF8F00031EAD /* AppDelegate.m in Sources */ = {isa = PBXBuildFile; fileRef = 4200EEC71D81AF8F00031EAD /* AppDelegate.m */; };
		4200EECB1D81AF8F00031EAD /* ViewController.m in Sources */ = {isa = PBXBuildFile; fileRef = 4200EECA1D81AF8F00031EAD /* ViewController.m */; };
		4200EECE1D81AF8F00031EAD /* Main.storyboard in Resources */ = {isa = PBXBuildFile; fileRef = 4200EECC1D81AF8F00031EAD /* Main.storyboard */; };
		4200EED01D81AF8F00031EAD /* Assets.xcassets in Resources */ = {isa = PBXBuildFile; fileRef = 4200EECF1D81AF8F00031EAD /* Assets.xcassets */; };
		4200EED31D81AF8F00031EAD /* LaunchScreen.storyboard in Resources */ = {isa = PBXBuildFile; fileRef = 4200EED11D81AF8F00031EAD /* LaunchScreen.storyboard */; };
		4200EEDE1D81AF8F00031EAD /* UITableViewTests.m in Sources */ = {isa = PBXBuildFile; fileRef = 4200EEDD1D81AF8F00031EAD /* UITableViewTests.m */; };
		4200EEE91D81AF8F00031EAD /* UITableViewUITests.m in Sources */ = {isa = PBXBuildFile; fileRef = 4200EEE81D81AF8F00031EAD /* UITableViewUITests.m */; };
		4214C2D51D825E8600645E6F /* LHDataModel.m in Sources */ = {isa = PBXBuildFile; fileRef = 4214C2D41D825E8600645E6F /* LHDataModel.m */; };
		4214C2DC1D82681000645E6F /* LHItemCell.m in Sources */ = {isa = PBXBuildFile; fileRef = 4214C2DA1D82681000645E6F /* LHItemCell.m */; };
		4214C2DD1D82681000645E6F /* LHItemCell.xib in Resources */ = {isa = PBXBuildFile; fileRef = 4214C2DB1D82681000645E6F /* LHItemCell.xib */; };
		423FA6191D8524A100DD91A4 /* SqliteTool.m in Sources */ = {isa = PBXBuildFile; fileRef = 423FA6181D8524A100DD91A4 /* SqliteTool.m */; };
		429334211D86AC9C00475263 /* LHShopChart.m in Sources */ = {isa = PBXBuildFile; fileRef = 4293341F1D86AC9C00475263 /* LHShopChart.m */; };
		429334221D86AC9C00475263 /* LHShopChart.xib in Resources */ = {isa = PBXBuildFile; fileRef = 429334201D86AC9C00475263 /* LHShopChart.xib */; };
		429334251D86AFB000475263 /* LHShopButton.m in Sources */ = {isa = PBXBuildFile; fileRef = 429334241D86AFB000475263 /* LHShopButton.m */; };
		42D1604D1D9169F3006DA5FF /* libUMessage_Sdk_1.3.0.a in Frameworks */ = {isa = PBXBuildFile; fileRef = 42D1604B1D9169F3006DA5FF /* libUMessage_Sdk_1.3.0.a */; };
		42DDA27E1D8ECD5D007EA791 /* FoodModel.m in Sources */ = {isa = PBXBuildFile; fileRef = 42DDA27B1D8ECD5D007EA791 /* FoodModel.m */; };
		42DDA27F1D8ECD5D007EA791 /* FoodModel+CoreDataProperties.m in Sources */ = {isa = PBXBuildFile; fileRef = 42DDA27D1D8ECD5D007EA791 /* FoodModel+CoreDataProperties.m */; };
		42DF22861D86FC6700030FF4 /* BadgeView.m in Sources */ = {isa = PBXBuildFile; fileRef = 42DF22851D86FC6700030FF4 /* BadgeView.m */; };
		42E513A61D87CA11001F5869 /* LHFoodModel.xcdatamodeld in Sources */ = {isa = PBXBuildFile; fileRef = 42E513A41D87CA11001F5869 /* LHFoodModel.xcdatamodeld */; };
		42E54CAB1D87DC27001F5869 /* LHCoreDataTool.m in Sources */ = {isa = PBXBuildFile; fileRef = 42E54CAA1D87DC27001F5869 /* LHCoreDataTool.m */; };
		42E54CB21D87E462001F5869 /* LHFoodCell.m in Sources */ = {isa = PBXBuildFile; fileRef = 42E54CB01D87E462001F5869 /* LHFoodCell.m */; };
		42E54CB31D87E462001F5869 /* LHFoodCell.xib in Resources */ = {isa = PBXBuildFile; fileRef = 42E54CB11D87E462001F5869 /* LHFoodCell.xib */; };
/* End PBXBuildFile section */

/* Begin PBXContainerItemProxy section */
		4200EEDA1D81AF8F00031EAD /* PBXContainerItemProxy */ = {
			isa = PBXContainerItemProxy;
			containerPortal = 4200EEB81D81AF8F00031EAD /* Project object */;
			proxyType = 1;
			remoteGlobalIDString = 4200EEBF1D81AF8F00031EAD;
			remoteInfo = UITableView;
		};
		4200EEE51D81AF8F00031EAD /* PBXContainerItemProxy */ = {
			isa = PBXContainerItemProxy;
			containerPortal = 4200EEB81D81AF8F00031EAD /* Project object */;
			proxyType = 1;
			remoteGlobalIDString = 4200EEBF1D81AF8F00031EAD;
			remoteInfo = UITableView;
		};
/* End PBXContainerItemProxy section */

/* Begin PBXFileReference section */
		4200EEC01D81AF8F00031EAD /* UITableView.app */ = {isa = PBXFileReference; explicitFileType = wrapper.application; includeInIndex = 0; path = UITableView.app; sourceTree = BUILT_PRODUCTS_DIR; };
		4200EEC41D81AF8F00031EAD /* main.m */ = {isa = PBXFileReference; lastKnownFileType = sourcecode.c.objc; path = main.m; sourceTree = "<group>"; };
		4200EEC61D81AF8F00031EAD /* AppDelegate.h */ = {isa = PBXFileReference; lastKnownFileType = sourcecode.c.h; path = AppDelegate.h; sourceTree = "<group>"; };
		4200EEC71D81AF8F00031EAD /* AppDelegate.m */ = {isa = PBXFileReference; lastKnownFileType = sourcecode.c.objc; path = AppDelegate.m; sourceTree = "<group>"; };
		4200EEC91D81AF8F00031EAD /* ViewController.h */ = {isa = PBXFileReference; lastKnownFileType = sourcecode.c.h; path = ViewController.h; sourceTree = "<group>"; };
		4200EECA1D81AF8F00031EAD /* ViewController.m */ = {isa = PBXFileReference; lastKnownFileType = sourcecode.c.objc; path = ViewController.m; sourceTree = "<group>"; };
		4200EECD1D81AF8F00031EAD /* Base */ = {isa = PBXFileReference; lastKnownFileType = file.storyboard; name = Base; path = Base.lproj/Main.storyboard; sourceTree = "<group>"; };
		4200EECF1D81AF8F00031EAD /* Assets.xcassets */ = {isa = PBXFileReference; lastKnownFileType = folder.assetcatalog; path = Assets.xcassets; sourceTree = "<group>"; };
		4200EED21D81AF8F00031EAD /* Base */ = {isa = PBXFileReference; lastKnownFileType = file.storyboard; name = Base; path = Base.lproj/LaunchScreen.storyboard; sourceTree = "<group>"; };
		4200EED41D81AF8F00031EAD /* Info.plist */ = {isa = PBXFileReference; lastKnownFileType = text.plist.xml; path = Info.plist; sourceTree = "<group>"; };
		4200EED91D81AF8F00031EAD /* UITableViewTests.xctest */ = {isa = PBXFileReference; explicitFileType = wrapper.cfbundle; includeInIndex = 0; path = UITableViewTests.xctest; sourceTree = BUILT_PRODUCTS_DIR; };
		4200EEDD1D81AF8F00031EAD /* UITableViewTests.m */ = {isa = PBXFileReference; lastKnownFileType = sourcecode.c.objc; path = UITableViewTests.m; sourceTree = "<group>"; };
		4200EEDF1D81AF8F00031EAD /* Info.plist */ = {isa = PBXFileReference; lastKnownFileType = text.plist.xml; path = Info.plist; sourceTree = "<group>"; };
		4200EEE41D81AF8F00031EAD /* UITableViewUITests.xctest */ = {isa = PBXFileReference; explicitFileType = wrapper.cfbundle; includeInIndex = 0; path = UITableViewUITests.xctest; sourceTree = BUILT_PRODUCTS_DIR; };
		4200EEE81D81AF8F00031EAD /* UITableViewUITests.m */ = {isa = PBXFileReference; lastKnownFileType = sourcecode.c.objc; path = UITableViewUITests.m; sourceTree = "<group>"; };
		4200EEEA1D81AF8F00031EAD /* Info.plist */ = {isa = PBXFileReference; lastKnownFileType = text.plist.xml; path = Info.plist; sourceTree = "<group>"; };
		4214C2D31D825E8600645E6F /* LHDataModel.h */ = {isa = PBXFileReference; fileEncoding = 4; lastKnownFileType = sourcecode.c.h; path = LHDataModel.h; sourceTree = "<group>"; };
		4214C2D41D825E8600645E6F /* LHDataModel.m */ = {isa = PBXFileReference; fileEncoding = 4; lastKnownFileType = sourcecode.c.objc; path = LHDataModel.m; sourceTree = "<group>"; };
		4214C2D91D82681000645E6F /* LHItemCell.h */ = {isa = PBXFileReference; fileEncoding = 4; lastKnownFileType = sourcecode.c.h; path = LHItemCell.h; sourceTree = "<group>"; };
		4214C2DA1D82681000645E6F /* LHItemCell.m */ = {isa = PBXFileReference; fileEncoding = 4; lastKnownFileType = sourcecode.c.objc; path = LHItemCell.m; sourceTree = "<group>"; };
		4214C2DB1D82681000645E6F /* LHItemCell.xib */ = {isa = PBXFileReference; fileEncoding = 4; lastKnownFileType = file.xib; path = LHItemCell.xib; sourceTree = "<group>"; };
		42238F8F1D85A02D007AD646 /* PrefixHeader.pch */ = {isa = PBXFileReference; lastKnownFileType = sourcecode.c.h; path = PrefixHeader.pch; sourceTree = "<group>"; };
		423FA6171D8524A100DD91A4 /* SqliteTool.h */ = {isa = PBXFileReference; fileEncoding = 4; lastKnownFileType = sourcecode.c.h; path = SqliteTool.h; sourceTree = "<group>"; };
		423FA6181D8524A100DD91A4 /* SqliteTool.m */ = {isa = PBXFileReference; fileEncoding = 4; lastKnownFileType = sourcecode.c.objc; path = SqliteTool.m; sourceTree = "<group>"; };
		4293341E1D86AC9C00475263 /* LHShopChart.h */ = {isa = PBXFileReference; fileEncoding = 4; lastKnownFileType = sourcecode.c.h; path = LHShopChart.h; sourceTree = "<group>"; };
		4293341F1D86AC9C00475263 /* LHShopChart.m */ = {isa = PBXFileReference; fileEncoding = 4; lastKnownFileType = sourcecode.c.objc; path = LHShopChart.m; sourceTree = "<group>"; };
		429334201D86AC9C00475263 /* LHShopChart.xib */ = {isa = PBXFileReference; fileEncoding = 4; lastKnownFileType = file.xib; path = LHShopChart.xib; sourceTree = "<group>"; };
		429334231D86AFB000475263 /* LHShopButton.h */ = {isa = PBXFileReference; fileEncoding = 4; lastKnownFileType = sourcecode.c.h; path = LHShopButton.h; sourceTree = "<group>"; };
		429334241D86AFB000475263 /* LHShopButton.m */ = {isa = PBXFileReference; fileEncoding = 4; lastKnownFileType = sourcecode.c.objc; path = LHShopButton.m; sourceTree = "<group>"; };
		42D1604B1D9169F3006DA5FF /* libUMessage_Sdk_1.3.0.a */ = {isa = PBXFileReference; lastKnownFileType = archive.ar; path = libUMessage_Sdk_1.3.0.a; sourceTree = "<group>"; };
		42D1604C1D9169F3006DA5FF /* UMessage.h */ = {isa = PBXFileReference; fileEncoding = 4; lastKnownFileType = sourcecode.c.h; path = UMessage.h; sourceTree = "<group>"; };
		42DDA27A1D8ECD5D007EA791 /* FoodModel.h */ = {isa = PBXFileReference; fileEncoding = 4; lastKnownFileType = sourcecode.c.h; name = FoodModel.h; path = UITableView/FoodModel.h; sourceTree = "<group>"; };
		42DDA27B1D8ECD5D007EA791 /* FoodModel.m */ = {isa = PBXFileReference; fileEncoding = 4; lastKnownFileType = sourcecode.c.objc; name = FoodModel.m; path = UITableView/FoodModel.m; sourceTree = "<group>"; };
		42DDA27C1D8ECD5D007EA791 /* FoodModel+CoreDataProperties.h */ = {isa = PBXFileReference; fileEncoding = 4; lastKnownFileType = sourcecode.c.h; name = "FoodModel+CoreDataProperties.h"; path = "UITableView/FoodModel+CoreDataProperties.h"; sourceTree = "<group>"; };
		42DDA27D1D8ECD5D007EA791 /* FoodModel+CoreDataProperties.m */ = {isa = PBXFileReference; fileEncoding = 4; lastKnownFileType = sourcecode.c.objc; name = "FoodModel+CoreDataProperties.m"; path = "UITableView/FoodModel+CoreDataProperties.m"; sourceTree = "<group>"; };
		42DF22841D86FC6700030FF4 /* BadgeView.h */ = {isa = PBXFileReference; fileEncoding = 4; lastKnownFileType = sourcecode.c.h; path = BadgeView.h; sourceTree = "<group>"; };
		42DF22851D86FC6700030FF4 /* BadgeView.m */ = {isa = PBXFileReference; fileEncoding = 4; lastKnownFileType = sourcecode.c.objc; path = BadgeView.m; sourceTree = "<group>"; };
		42E513A51D87CA11001F5869 /* LHFoodModel.xcdatamodel */ = {isa = PBXFileReference; lastKnownFileType = wrapper.xcdatamodel; path = LHFoodModel.xcdatamodel; sourceTree = "<group>"; };
		42E54CA91D87DC27001F5869 /* LHCoreDataTool.h */ = {isa = PBXFileReference; fileEncoding = 4; lastKnownFileType = sourcecode.c.h; path = LHCoreDataTool.h; sourceTree = "<group>"; };
		42E54CAA1D87DC27001F5869 /* LHCoreDataTool.m */ = {isa = PBXFileReference; fileEncoding = 4; lastKnownFileType = sourcecode.c.objc; path = LHCoreDataTool.m; sourceTree = "<group>"; };
		42E54CAF1D87E462001F5869 /* LHFoodCell.h */ = {isa = PBXFileReference; fileEncoding = 4; lastKnownFileType = sourcecode.c.h; path = LHFoodCell.h; sourceTree = "<group>"; };
		42E54CB01D87E462001F5869 /* LHFoodCell.m */ = {isa = PBXFileReference; fileEncoding = 4; lastKnownFileType = sourcecode.c.objc; path = LHFoodCell.m; sourceTree = "<group>"; };
		42E54CB11D87E462001F5869 /* LHFoodCell.xib */ = {isa = PBXFileReference; fileEncoding = 4; lastKnownFileType = file.xib; path = LHFoodCell.xib; sourceTree = "<group>"; };
		5889088653E1ACC1BA063F6E /* Pods-UITableView.debug.xcconfig */ = {isa = PBXFileReference; includeInIndex = 1; lastKnownFileType = text.xcconfig; name = "Pods-UITableView.debug.xcconfig"; path = "Pods/Target Support Files/Pods-UITableView/Pods-UITableView.debug.xcconfig"; sourceTree = "<group>"; };
		5AF421252F77C0869F9D7E21 /* Pods-UITableView.release.xcconfig */ = {isa = PBXFileReference; includeInIndex = 1; lastKnownFileType = text.xcconfig; name = "Pods-UITableView.release.xcconfig"; path = "Pods/Target Support Files/Pods-UITableView/Pods-UITableView.release.xcconfig"; sourceTree = "<group>"; };
		EE200A8F664DD8FFEAC43777 /* libPods-UITableView.a */ = {isa = PBXFileReference; explicitFileType = archive.ar; includeInIndex = 0; path = "libPods-UITableView.a"; sourceTree = BUILT_PRODUCTS_DIR; };
/* End PBXFileReference section */

/* Begin PBXFrameworksBuildPhase section */
		4200EEBD1D81AF8F00031EAD /* Frameworks */ = {
			isa = PBXFrameworksBuildPhase;
			buildActionMask = 2147483647;
			files = (
				117160D76E772613087FCDC9 /* libPods-UITableView.a in Frameworks */,
				42D1604D1D9169F3006DA5FF /* libUMessage_Sdk_1.3.0.a in Frameworks */,
			);
			runOnlyForDeploymentPostprocessing = 0;
		};
		4200EED61D81AF8F00031EAD /* Frameworks */ = {
			isa = PBXFrameworksBuildPhase;
			buildActionMask = 2147483647;
			files = (
			);
			runOnlyForDeploymentPostprocessing = 0;
		};
		4200EEE11D81AF8F00031EAD /* Frameworks */ = {
			isa = PBXFrameworksBuildPhase;
			buildActionMask = 2147483647;
			files = (
			);
			runOnlyForDeploymentPostprocessing = 0;
		};
/* End PBXFrameworksBuildPhase section */

/* Begin PBXGroup section */
		4200EEB71D81AF8F00031EAD = {
			isa = PBXGroup;
			children = (
				42D1604A1D9169F3006DA5FF /* UMessage_Sdk_1.3.0 */,
				42E513B01D87D46C001F5869 /* CoreData */,
				4200EEC21D81AF8F00031EAD /* UITableView */,
				4200EEDC1D81AF8F00031EAD /* UITableViewTests */,
				4200EEE71D81AF8F00031EAD /* UITableViewUITests */,
				4200EEC11D81AF8F00031EAD /* Products */,
				F155E3DB7AAFBAAFC033B83A /* Pods */,
				56E43F0D719731F0E0FFE92C /* Frameworks */,
			);
			sourceTree = "<group>";
		};
		4200EEC11D81AF8F00031EAD /* Products */ = {
			isa = PBXGroup;
			children = (
				4200EEC01D81AF8F00031EAD /* UITableView.app */,
				4200EED91D81AF8F00031EAD /* UITableViewTests.xctest */,
				4200EEE41D81AF8F00031EAD /* UITableViewUITests.xctest */,
			);
			name = Products;
			sourceTree = "<group>";
		};
		4200EEC21D81AF8F00031EAD /* UITableView */ = {
			isa = PBXGroup;
			children = (
				4293341D1D86A03500475263 /* shopCart */,
				4200EEF61D81B22E00031EAD /* Tools */,
				4200EEC61D81AF8F00031EAD /* AppDelegate.h */,
				4200EEC71D81AF8F00031EAD /* AppDelegate.m */,
				4200EEC91D81AF8F00031EAD /* ViewController.h */,
				4200EECA1D81AF8F00031EAD /* ViewController.m */,
				4200EECC1D81AF8F00031EAD /* Main.storyboard */,
				4200EECF1D81AF8F00031EAD /* Assets.xcassets */,
				4200EED11D81AF8F00031EAD /* LaunchScreen.storyboard */,
				4200EED41D81AF8F00031EAD /* Info.plist */,
				4200EEC31D81AF8F00031EAD /* Supporting Files */,
				4214C2D31D825E8600645E6F /* LHDataModel.h */,
				4214C2D41D825E8600645E6F /* LHDataModel.m */,
				4214C2D91D82681000645E6F /* LHItemCell.h */,
				4214C2DA1D82681000645E6F /* LHItemCell.m */,
				4214C2DB1D82681000645E6F /* LHItemCell.xib */,
			);
			path = UITableView;
			sourceTree = "<group>";
		};
		4200EEC31D81AF8F00031EAD /* Supporting Files */ = {
			isa = PBXGroup;
			children = (
				4200EEC41D81AF8F00031EAD /* main.m */,
				42238F8F1D85A02D007AD646 /* PrefixHeader.pch */,
			);
			name = "Supporting Files";
			sourceTree = "<group>";
		};
		4200EEDC1D81AF8F00031EAD /* UITableViewTests */ = {
			isa = PBXGroup;
			children = (
				4200EEDD1D81AF8F00031EAD /* UITableViewTests.m */,
				4200EEDF1D81AF8F00031EAD /* Info.plist */,
			);
			path = UITableViewTests;
			sourceTree = "<group>";
		};
		4200EEE71D81AF8F00031EAD /* UITableViewUITests */ = {
			isa = PBXGroup;
			children = (
				4200EEE81D81AF8F00031EAD /* UITableViewUITests.m */,
				4200EEEA1D81AF8F00031EAD /* Info.plist */,
			);
			path = UITableViewUITests;
			sourceTree = "<group>";
		};
		4200EEF61D81B22E00031EAD /* Tools */ = {
			isa = PBXGroup;
			children = (
				423FA6171D8524A100DD91A4 /* SqliteTool.h */,
				423FA6181D8524A100DD91A4 /* SqliteTool.m */,
				42E54CA91D87DC27001F5869 /* LHCoreDataTool.h */,
				42E54CAA1D87DC27001F5869 /* LHCoreDataTool.m */,
			);
			name = Tools;
			sourceTree = "<group>";
		};
		4293341D1D86A03500475263 /* shopCart */ = {
			isa = PBXGroup;
			children = (
				42DF22841D86FC6700030FF4 /* BadgeView.h */,
				42DF22851D86FC6700030FF4 /* BadgeView.m */,
				4293341E1D86AC9C00475263 /* LHShopChart.h */,
				4293341F1D86AC9C00475263 /* LHShopChart.m */,
				429334201D86AC9C00475263 /* LHShopChart.xib */,
				429334231D86AFB000475263 /* LHShopButton.h */,
				429334241D86AFB000475263 /* LHShopButton.m */,
				42E54CAF1D87E462001F5869 /* LHFoodCell.h */,
				42E54CB01D87E462001F5869 /* LHFoodCell.m */,
				42E54CB11D87E462001F5869 /* LHFoodCell.xib */,
			);
			name = shopCart;
			sourceTree = "<group>";
		};
		42D1604A1D9169F3006DA5FF /* UMessage_Sdk_1.3.0 */ = {
			isa = PBXGroup;
			children = (
				42D1604B1D9169F3006DA5FF /* libUMessage_Sdk_1.3.0.a */,
				42D1604C1D9169F3006DA5FF /* UMessage.h */,
			);
			path = UMessage_Sdk_1.3.0;
			sourceTree = "<group>";
		};
		42E513B01D87D46C001F5869 /* CoreData */ = {
			isa = PBXGroup;
			children = (
				42DDA27A1D8ECD5D007EA791 /* FoodModel.h */,
				42DDA27B1D8ECD5D007EA791 /* FoodModel.m */,
				42DDA27C1D8ECD5D007EA791 /* FoodModel+CoreDataProperties.h */,
				42DDA27D1D8ECD5D007EA791 /* FoodModel+CoreDataProperties.m */,
				42E513A41D87CA11001F5869 /* LHFoodModel.xcdatamodeld */,
			);
			name = CoreData;
			sourceTree = "<group>";
		};
		56E43F0D719731F0E0FFE92C /* Frameworks */ = {
			isa = PBXGroup;
			children = (
				EE200A8F664DD8FFEAC43777 /* libPods-UITableView.a */,
			);
			name = Frameworks;
			sourceTree = "<group>";
		};
		F155E3DB7AAFBAAFC033B83A /* Pods */ = {
			isa = PBXGroup;
			children = (
				5889088653E1ACC1BA063F6E /* Pods-UITableView.debug.xcconfig */,
				5AF421252F77C0869F9D7E21 /* Pods-UITableView.release.xcconfig */,
			);
			name = Pods;
			sourceTree = "<group>";
		};
/* End PBXGroup section */

/* Begin PBXNativeTarget section */
		4200EEBF1D81AF8F00031EAD /* UITableView */ = {
			isa = PBXNativeTarget;
			buildConfigurationList = 4200EEED1D81AF8F00031EAD /* Build configuration list for PBXNativeTarget "UITableView" */;
			buildPhases = (
				EA951AA30B3CDCCDDB5AEABD /* 📦 Check Pods Manifest.lock */,
				4200EEBC1D81AF8F00031EAD /* Sources */,
				4200EEBD1D81AF8F00031EAD /* Frameworks */,
				4200EEBE1D81AF8F00031EAD /* Resources */,
				0D965E73B5408C14A80A465A /* 📦 Embed Pods Frameworks */,
				C540AF0FA2A22E686F8BA65F /* 📦 Copy Pods Resources */,
			);
			buildRules = (
			);
			dependencies = (
			);
			name = UITableView;
			productName = UITableView;
			productReference = 4200EEC01D81AF8F00031EAD /* UITableView.app */;
			productType = "com.apple.product-type.application";
		};
		4200EED81D81AF8F00031EAD /* UITableViewTests */ = {
			isa = PBXNativeTarget;
			buildConfigurationList = 4200EEF01D81AF8F00031EAD /* Build configuration list for PBXNativeTarget "UITableViewTests" */;
			buildPhases = (
				4200EED51D81AF8F00031EAD /* Sources */,
				4200EED61D81AF8F00031EAD /* Frameworks */,
				4200EED71D81AF8F00031EAD /* Resources */,
			);
			buildRules = (
			);
			dependencies = (
				4200EEDB1D81AF8F00031EAD /* PBXTargetDependency */,
			);
			name = UITableViewTests;
			productName = UITableViewTests;
			productReference = 4200EED91D81AF8F00031EAD /* UITableViewTests.xctest */;
			productType = "com.apple.product-type.bundle.unit-test";
		};
		4200EEE31D81AF8F00031EAD /* UITableViewUITests */ = {
			isa = PBXNativeTarget;
			buildConfigurationList = 4200EEF31D81AF8F00031EAD /* Build configuration list for PBXNativeTarget "UITableViewUITests" */;
			buildPhases = (
				4200EEE01D81AF8F00031EAD /* Sources */,
				4200EEE11D81AF8F00031EAD /* Frameworks */,
				4200EEE21D81AF8F00031EAD /* Resources */,
			);
			buildRules = (
			);
			dependencies = (
				4200EEE61D81AF8F00031EAD /* PBXTargetDependency */,
			);
			name = UITableViewUITests;
			productName = UITableViewUITests;
			productReference = 4200EEE41D81AF8F00031EAD /* UITableViewUITests.xctest */;
			productType = "com.apple.product-type.bundle.ui-testing";
		};
/* End PBXNativeTarget section */

/* Begin PBXProject section */
		4200EEB81D81AF8F00031EAD /* Project object */ = {
			isa = PBXProject;
			attributes = {
				LastUpgradeCheck = 0720;
				ORGANIZATIONNAME = "刘航";
				TargetAttributes = {
					4200EEBF1D81AF8F00031EAD = {
						CreatedOnToolsVersion = 7.2;
						DevelopmentTeam = 4VYWXNWNTK;
					};
					4200EED81D81AF8F00031EAD = {
						CreatedOnToolsVersion = 7.2;
						TestTargetID = 4200EEBF1D81AF8F00031EAD;
					};
					4200EEE31D81AF8F00031EAD = {
						CreatedOnToolsVersion = 7.2;
						TestTargetID = 4200EEBF1D81AF8F00031EAD;
					};
				};
			};
			buildConfigurationList = 4200EEBB1D81AF8F00031EAD /* Build configuration list for PBXProject "UITableView" */;
			compatibilityVersion = "Xcode 3.2";
			developmentRegion = English;
			hasScannedForEncodings = 0;
			knownRegions = (
				en,
				Base,
			);
			mainGroup = 4200EEB71D81AF8F00031EAD;
			productRefGroup = 4200EEC11D81AF8F00031EAD /* Products */;
			projectDirPath = "";
			projectRoot = "";
			targets = (
				4200EEBF1D81AF8F00031EAD /* UITableView */,
				4200EED81D81AF8F00031EAD /* UITableViewTests */,
				4200EEE31D81AF8F00031EAD /* UITableViewUITests */,
			);
		};
/* End PBXProject section */

/* Begin PBXResourcesBuildPhase section */
		4200EEBE1D81AF8F00031EAD /* Resources */ = {
			isa = PBXResourcesBuildPhase;
			buildActionMask = 2147483647;
			files = (
				4200EED31D81AF8F00031EAD /* LaunchScreen.storyboard in Resources */,
				4200EED01D81AF8F00031EAD /* Assets.xcassets in Resources */,
				4214C2DD1D82681000645E6F /* LHItemCell.xib in Resources */,
				4200EECE1D81AF8F00031EAD /* Main.storyboard in Resources */,
				429334221D86AC9C00475263 /* LHShopChart.xib in Resources */,
				42E54CB31D87E462001F5869 /* LHFoodCell.xib in Resources */,
			);
			runOnlyForDeploymentPostprocessing = 0;
		};
		4200EED71D81AF8F00031EAD /* Resources */ = {
			isa = PBXResourcesBuildPhase;
			buildActionMask = 2147483647;
			files = (
			);
			runOnlyForDeploymentPostprocessing = 0;
		};
		4200EEE21D81AF8F00031EAD /* Resources */ = {
			isa = PBXResourcesBuildPhase;
			buildActionMask = 2147483647;
			files = (
			);
			runOnlyForDeploymentPostprocessing = 0;
		};
/* End PBXResourcesBuildPhase section */

/* Begin PBXShellScriptBuildPhase section */
		0D965E73B5408C14A80A465A /* 📦 Embed Pods Frameworks */ = {
			isa = PBXShellScriptBuildPhase;
			buildActionMask = 2147483647;
			files = (
			);
			inputPaths = (
			);
			name = "📦 Embed Pods Frameworks";
			outputPaths = (
			);
			runOnlyForDeploymentPostprocessing = 0;
			shellPath = /bin/sh;
			shellScript = "\"${SRCROOT}/Pods/Target Support Files/Pods-UITableView/Pods-UITableView-frameworks.sh\"\n";
			showEnvVarsInLog = 0;
		};
		C540AF0FA2A22E686F8BA65F /* 📦 Copy Pods Resources */ = {
			isa = PBXShellScriptBuildPhase;
			buildActionMask = 2147483647;
			files = (
			);
			inputPaths = (
			);
			name = "📦 Copy Pods Resources";
			outputPaths = (
			);
			runOnlyForDeploymentPostprocessing = 0;
			shellPath = /bin/sh;
			shellScript = "\"${SRCROOT}/Pods/Target Support Files/Pods-UITableView/Pods-UITableView-resources.sh\"\n";
			showEnvVarsInLog = 0;
		};
		EA951AA30B3CDCCDDB5AEABD /* 📦 Check Pods Manifest.lock */ = {
			isa = PBXShellScriptBuildPhase;
			buildActionMask = 2147483647;
			files = (
			);
			inputPaths = (
			);
			name = "📦 Check Pods Manifest.lock";
			outputPaths = (
			);
			runOnlyForDeploymentPostprocessing = 0;
			shellPath = /bin/sh;
			shellScript = "diff \"${PODS_ROOT}/../Podfile.lock\" \"${PODS_ROOT}/Manifest.lock\" > /dev/null\nif [[ $? != 0 ]] ; then\n    cat << EOM\nerror: The sandbox is not in sync with the Podfile.lock. Run 'pod install' or update your CocoaPods installation.\nEOM\n    exit 1\nfi\n";
			showEnvVarsInLog = 0;
		};
/* End PBXShellScriptBuildPhase section */

/* Begin PBXSourcesBuildPhase section */
		4200EEBC1D81AF8F00031EAD /* Sources */ = {
			isa = PBXSourcesBuildPhase;
			buildActionMask = 2147483647;
			files = (
				4200EECB1D81AF8F00031EAD /* ViewController.m in Sources */,
				429334251D86AFB000475263 /* LHShopButton.m in Sources */,
				42E54CAB1D87DC27001F5869 /* LHCoreDataTool.m in Sources */,
				42E54CB21D87E462001F5869 /* LHFoodCell.m in Sources */,
				42E513A61D87CA11001F5869 /* LHFoodModel.xcdatamodeld in Sources */,
				423FA6191D8524A100DD91A4 /* SqliteTool.m in Sources */,
				429334211D86AC9C00475263 /* LHShopChart.m in Sources */,
				4214C2DC1D82681000645E6F /* LHItemCell.m in Sources */,
				4200EEC81D81AF8F00031EAD /* AppDelegate.m in Sources */,
				42DDA27F1D8ECD5D007EA791 /* FoodModel+CoreDataProperties.m in Sources */,
				4200EEC51D81AF8F00031EAD /* main.m in Sources */,
				42DDA27E1D8ECD5D007EA791 /* FoodModel.m in Sources */,
				42DF22861D86FC6700030FF4 /* BadgeView.m in Sources */,
				4214C2D51D825E8600645E6F /* LHDataModel.m in Sources */,
			);
			runOnlyForDeploymentPostprocessing = 0;
		};
		4200EED51D81AF8F00031EAD /* Sources */ = {
			isa = PBXSourcesBuildPhase;
			buildActionMask = 2147483647;
			files = (
				4200EEDE1D81AF8F00031EAD /* UITableViewTests.m in Sources */,
			);
			runOnlyForDeploymentPostprocessing = 0;
		};
		4200EEE01D81AF8F00031EAD /* Sources */ = {
			isa = PBXSourcesBuildPhase;
			buildActionMask = 2147483647;
			files = (
				4200EEE91D81AF8F00031EAD /* UITableViewUITests.m in Sources */,
			);
			runOnlyForDeploymentPostprocessing = 0;
		};
/* End PBXSourcesBuildPhase section */

/* Begin PBXTargetDependency section */
		4200EEDB1D81AF8F00031EAD /* PBXTargetDependency */ = {
			isa = PBXTargetDependency;
			target = 4200EEBF1D81AF8F00031EAD /* UITableView */;
			targetProxy = 4200EEDA1D81AF8F00031EAD /* PBXContainerItemProxy */;
		};
		4200EEE61D81AF8F00031EAD /* PBXTargetDependency */ = {
			isa = PBXTargetDependency;
			target = 4200EEBF1D81AF8F00031EAD /* UITableView */;
			targetProxy = 4200EEE51D81AF8F00031EAD /* PBXContainerItemProxy */;
		};
/* End PBXTargetDependency section */

/* Begin PBXVariantGroup section */
		4200EECC1D81AF8F00031EAD /* Main.storyboard */ = {
			isa = PBXVariantGroup;
			children = (
				4200EECD1D81AF8F00031EAD /* Base */,
			);
			name = Main.storyboard;
			sourceTree = "<group>";
		};
		4200EED11D81AF8F00031EAD /* LaunchScreen.storyboard */ = {
			isa = PBXVariantGroup;
			children = (
				4200EED21D81AF8F00031EAD /* Base */,
			);
			name = LaunchScreen.storyboard;
			sourceTree = "<group>";
		};
/* End PBXVariantGroup section */

/* Begin XCBuildConfiguration section */
		4200EEEB1D81AF8F00031EAD /* Debug */ = {
			isa = XCBuildConfiguration;
			buildSettings = {
				ALWAYS_SEARCH_USER_PATHS = NO;
				CLANG_CXX_LANGUAGE_STANDARD = "gnu++0x";
				CLANG_CXX_LIBRARY = "libc++";
				CLANG_ENABLE_MODULES = YES;
				CLANG_ENABLE_OBJC_ARC = YES;
				CLANG_WARN_BOOL_CONVERSION = YES;
				CLANG_WARN_CONSTANT_CONVERSION = YES;
				CLANG_WARN_DIRECT_OBJC_ISA_USAGE = YES_ERROR;
				CLANG_WARN_EMPTY_BODY = YES;
				CLANG_WARN_ENUM_CONVERSION = YES;
				CLANG_WARN_INT_CONVERSION = YES;
				CLANG_WARN_OBJC_ROOT_CLASS = YES_ERROR;
				CLANG_WARN_UNREACHABLE_CODE = YES;
				CLANG_WARN__DUPLICATE_METHOD_MATCH = YES;
				"CODE_SIGN_IDENTITY[sdk=iphoneos*]" = "iPhone Developer";
				COPY_PHASE_STRIP = NO;
				DEBUG_INFORMATION_FORMAT = dwarf;
				ENABLE_STRICT_OBJC_MSGSEND = YES;
				ENABLE_TESTABILITY = YES;
				GCC_C_LANGUAGE_STANDARD = gnu99;
				GCC_DYNAMIC_NO_PIC = NO;
				GCC_NO_COMMON_BLOCKS = YES;
				GCC_OPTIMIZATION_LEVEL = 0;
				GCC_PREPROCESSOR_DEFINITIONS = (
					"DEBUG=1",
					"$(inherited)",
				);
				GCC_WARN_64_TO_32_BIT_CONVERSION = YES;
				GCC_WARN_ABOUT_RETURN_TYPE = YES_ERROR;
				GCC_WARN_UNDECLARED_SELECTOR = YES;
				GCC_WARN_UNINITIALIZED_AUTOS = YES_AGGRESSIVE;
				GCC_WARN_UNUSED_FUNCTION = YES;
				GCC_WARN_UNUSED_VARIABLE = YES;
				IPHONEOS_DEPLOYMENT_TARGET = 9.2;
				MTL_ENABLE_DEBUG_INFO = YES;
				ONLY_ACTIVE_ARCH = YES;
				SDKROOT = iphoneos;
				TARGETED_DEVICE_FAMILY = "1,2";
			};
			name = Debug;
		};
		4200EEEC1D81AF8F00031EAD /* Release */ = {
			isa = XCBuildConfiguration;
			buildSettings = {
				ALWAYS_SEARCH_USER_PATHS = NO;
				CLANG_CXX_LANGUAGE_STANDARD = "gnu++0x";
				CLANG_CXX_LIBRARY = "libc++";
				CLANG_ENABLE_MODULES = YES;
				CLANG_ENABLE_OBJC_ARC = YES;
				CLANG_WARN_BOOL_CONVERSION = YES;
				CLANG_WARN_CONSTANT_CONVERSION = YES;
				CLANG_WARN_DIRECT_OBJC_ISA_USAGE = YES_ERROR;
				CLANG_WARN_EMPTY_BODY = YES;
				CLANG_WARN_ENUM_CONVERSION = YES;
				CLANG_WARN_INT_CONVERSION = YES;
				CLANG_WARN_OBJC_ROOT_CLASS = YES_ERROR;
				CLANG_WARN_UNREACHABLE_CODE = YES;
				CLANG_WARN__DUPLICATE_METHOD_MATCH = YES;
				"CODE_SIGN_IDENTITY[sdk=iphoneos*]" = "iPhone Developer";
				COPY_PHASE_STRIP = NO;
				DEBUG_INFORMATION_FORMAT = "dwarf-with-dsym";
				ENABLE_NS_ASSERTIONS = NO;
				ENABLE_STRICT_OBJC_MSGSEND = YES;
				GCC_C_LANGUAGE_STANDARD = gnu99;
				GCC_NO_COMMON_BLOCKS = YES;
				GCC_WARN_64_TO_32_BIT_CONVERSION = YES;
				GCC_WARN_ABOUT_RETURN_TYPE = YES_ERROR;
				GCC_WARN_UNDECLARED_SELECTOR = YES;
				GCC_WARN_UNINITIALIZED_AUTOS = YES_AGGRESSIVE;
				GCC_WARN_UNUSED_FUNCTION = YES;
				GCC_WARN_UNUSED_VARIABLE = YES;
				IPHONEOS_DEPLOYMENT_TARGET = 9.2;
				MTL_ENABLE_DEBUG_INFO = NO;
				SDKROOT = iphoneos;
				TARGETED_DEVICE_FAMILY = "1,2";
				VALIDATE_PRODUCT = YES;
			};
			name = Release;
		};
		4200EEEE1D81AF8F00031EAD /* Debug */ = {
			isa = XCBuildConfiguration;
			baseConfigurationReference = 5889088653E1ACC1BA063F6E /* Pods-UITableView.debug.xcconfig */;
			buildSettings = {
				ASSETCATALOG_COMPILER_APPICON_NAME = AppIcon;
				CODE_SIGN_IDENTITY = "iPhone Developer";
				GCC_PREFIX_HEADER = "$(SRCROOT)/UITableView/PrefixHeader.pch";
				INFOPLIST_FILE = UITableView/Info.plist;
				IPHONEOS_DEPLOYMENT_TARGET = 9.2;
				LD_RUNPATH_SEARCH_PATHS = "$(inherited) @executable_path/Frameworks";
				LIBRARY_SEARCH_PATHS = (
					"$(inherited)",
					"$(PROJECT_DIR)/UMessage_Sdk_1.3.0",
				);
				PRODUCT_BUNDLE_IDENTIFIER = com.xianke.UITableViews;
				PRODUCT_NAME = "$(TARGET_NAME)";
			};
			name = Debug;
		};
		4200EEEF1D81AF8F00031EAD /* Release */ = {
			isa = XCBuildConfiguration;
			baseConfigurationReference = 5AF421252F77C0869F9D7E21 /* Pods-UITableView.release.xcconfig */;
			buildSettings = {
				ASSETCATALOG_COMPILER_APPICON_NAME = AppIcon;
				CODE_SIGN_IDENTITY = "iPhone Developer";
				GCC_PREFIX_HEADER = "$(SRCROOT)/UITableView/PrefixHeader.pch";
				INFOPLIST_FILE = UITableView/Info.plist;
				IPHONEOS_DEPLOYMENT_TARGET = 9.2;
				LD_RUNPATH_SEARCH_PATHS = "$(inherited) @executable_path/Frameworks";
				LIBRARY_SEARCH_PATHS = (
					"$(inherited)",
					"$(PROJECT_DIR)/UMessage_Sdk_1.3.0",
				);
				PRODUCT_BUNDLE_IDENTIFIER = com.xianke.UITableViews;
				PRODUCT_NAME = "$(TARGET_NAME)";
			};
			name = Release;
		};
		4200EEF11D81AF8F00031EAD /* Debug */ = {
			isa = XCBuildConfiguration;
			buildSettings = {
				BUNDLE_LOADER = "$(TEST_HOST)";
				INFOPLIST_FILE = UITableViewTests/Info.plist;
				LD_RUNPATH_SEARCH_PATHS = "$(inherited) @executable_path/Frameworks @loader_path/Frameworks";
				PRODUCT_BUNDLE_IDENTIFIER = com.xianke.UITableViewTests;
				PRODUCT_NAME = "$(TARGET_NAME)";
				TEST_HOST = "$(BUILT_PRODUCTS_DIR)/UITableView.app/UITableView";
			};
			name = Debug;
		};
		4200EEF21D81AF8F00031EAD /* Release */ = {
			isa = XCBuildConfiguration;
			buildSettings = {
				BUNDLE_LOADER = "$(TEST_HOST)";
				INFOPLIST_FILE = UITableViewTests/Info.plist;
				LD_RUNPATH_SEARCH_PATHS = "$(inherited) @executable_path/Frameworks @loader_path/Frameworks";
				PRODUCT_BUNDLE_IDENTIFIER = com.xianke.UITableViewTests;
				PRODUCT_NAME = "$(TARGET_NAME)";
				TEST_HOST = "$(BUILT_PRODUCTS_DIR)/UITableView.app/UITableView";
			};
			name = Release;
		};
		4200EEF41D81AF8F00031EAD /* Debug */ = {
			isa = XCBuildConfiguration;
			buildSettings = {
				INFOPLIST_FILE = UITableViewUITests/Info.plist;
				LD_RUNPATH_SEARCH_PATHS = "$(inherited) @executable_path/Frameworks @loader_path/Frameworks";
				PRODUCT_BUNDLE_IDENTIFIER = com.xianke.UITableViewUITests;
				PRODUCT_NAME = "$(TARGET_NAME)";
				TEST_TARGET_NAME = UITableView;
				USES_XCTRUNNER = YES;
			};
			name = Debug;
		};
		4200EEF51D81AF8F00031EAD /* Release */ = {
			isa = XCBuildConfiguration;
			buildSettings = {
				INFOPLIST_FILE = UITableViewUITests/Info.plist;
				LD_RUNPATH_SEARCH_PATHS = "$(inherited) @executable_path/Frameworks @loader_path/Frameworks";
				PRODUCT_BUNDLE_IDENTIFIER = com.xianke.UITableViewUITests;
				PRODUCT_NAME = "$(TARGET_NAME)";
				TEST_TARGET_NAME = UITableView;
				USES_XCTRUNNER = YES;
			};
			name = Release;
		};
/* End XCBuildConfiguration section */

/* Begin XCConfigurationList section */
		4200EEBB1D81AF8F00031EAD /* Build configuration list for PBXProject "UITableView" */ = {
			isa = XCConfigurationList;
			buildConfigurations = (
				4200EEEB1D81AF8F00031EAD /* Debug */,
				4200EEEC1D81AF8F00031EAD /* Release */,
			);
			defaultConfigurationIsVisible = 0;
			defaultConfigurationName = Release;
		};
		4200EEED1D81AF8F00031EAD /* Build configuration list for PBXNativeTarget "UITableView" */ = {
			isa = XCConfigurationList;
			buildConfigurations = (
				4200EEEE1D81AF8F00031EAD /* Debug */,
				4200EEEF1D81AF8F00031EAD /* Release */,
			);
			defaultConfigurationIsVisible = 0;
			defaultConfigurationName = Release;
		};
		4200EEF01D81AF8F00031EAD /* Build configuration list for PBXNativeTarget "UITableViewTests" */ = {
			isa = XCConfigurationList;
			buildConfigurations = (
				4200EEF11D81AF8F00031EAD /* Debug */,
				4200EEF21D81AF8F00031EAD /* Release */,
			);
			defaultConfigurationIsVisible = 0;
			defaultConfigurationName = Release;
		};
		4200EEF31D81AF8F00031EAD /* Build configuration list for PBXNativeTarget "UITableViewUITests" */ = {
			isa = XCConfigurationList;
			buildConfigurations = (
				4200EEF41D81AF8F00031EAD /* Debug */,
				4200EEF51D81AF8F00031EAD /* Release */,
			);
			defaultConfigurationIsVisible = 0;
			defaultConfigurationName = Release;
		};
/* End XCConfigurationList section */

/* Begin XCVersionGroup section */
		42E513A41D87CA11001F5869 /* LHFoodModel.xcdatamodeld */ = {
			isa = XCVersionGroup;
			children = (
				42E513A51D87CA11001F5869 /* LHFoodModel.xcdatamodel */,
			);
			currentVersion = 42E513A51D87CA11001F5869 /* LHFoodModel.xcdatamodel */;
			name = LHFoodModel.xcdatamodeld;
			path = UITableView/LHFoodModel.xcdatamodeld;
			sourceTree = "<group>";
			versionGroupType = wrapper.xcdatamodel;
		};
/* End XCVersionGroup section */
	};
	rootObject = 4200EEB81D81AF8F00031EAD /* Project object */;
}
